
Microsoft Visual Studio Solution File, Format Version 12.00
# Visual Studio Version 16
VisualStudioVersion = 16.0.31515.178
MinimumVisualStudioVersion = 10.0.40219.1
Project("{FAE04EC0-301F-11D3-BF4B-00C04F79EFBC}") = "Examen05", "Examen05\Examen05.csproj", "{88E87120-C142-4AD9-9FB7-957FAAAB6274}"
EndProject
Global
	GlobalSection(SolutionConfigurationPlatforms) = preSolution
		Debug|Any CPU = Debug|Any CPU
		Release|Any CPU = Release|Any CPU
	EndGlobalSection
	GlobalSection(ProjectConfigurationPlatforms) = postSolution
		{88E87120-C142-4AD9-9FB7-957FAAAB6274}.Debug|Any CPU.ActiveCfg = Debug|Any CPU
		{88E87120-C142-4AD9-9FB7-957FAAAB6274}.Debug|Any CPU.Build.0 = Debug|Any CPU
		{88E87120-C142-4AD9-9FB7-957FAAAB6274}.Release|Any CPU.ActiveCfg = Release|Any CPU
		{88E87120-C142-4AD9-9FB7-957FAAAB6274}.Release|Any CPU.Build.0 = Release|Any CPU
	EndGlobalSection
	GlobalSection(SolutionProperties) = preSolution
		HideSolutionNode = FALSE
	EndGlobalSection
	GlobalSection(ExtensibilityGlobals) = postSolution
		SolutionGuid = {2BF9D5CD-E9FE-4479-8931-A4D1B19FF9E5}
	EndGlobalSection
EndGlobal
